// !$*UTF8*$!
{
	archiveVersion = 1;
	classes = {
	};
	objectVersion = 77;
	objects = {

/* Begin PBXBuildFile section */
		4C3C9A842D6249E500B642F1 /* RegionTableViewCell.swift in Sources */ = {isa = PBXBuildFile; fileRef = 4C3C9A832D6249E500B642F1 /* RegionTableViewCell.swift */; };
		4C61A7472D69F0BA00BD1B70 /* UIView+Extensions.swift in Sources */ = {isa = PBXBuildFile; fileRef = 4C61A7462D69F0B700BD1B70 /* UIView+Extensions.swift */; };
		4C61A7492D69F0EE00BD1B70 /* UIStackView+Extensions.swift in Sources */ = {isa = PBXBuildFile; fileRef = 4C61A7482D69F0E800BD1B70 /* UIStackView+Extensions.swift */; };
		4CDE741A2D5F585200F2AFCF /* Assets.xcassets in Resources */ = {isa = PBXBuildFile; fileRef = 4CDE74132D5F585200F2AFCF /* Assets.xcassets */; };
		4CDE741C2D5F585200F2AFCF /* LaunchScreen.storyboard in Resources */ = {isa = PBXBuildFile; fileRef = 4CDE74162D5F585200F2AFCF /* LaunchScreen.storyboard */; };
		4CDE741D2D5F585200F2AFCF /* AppDelegate.swift in Sources */ = {isa = PBXBuildFile; fileRef = 4CDE74122D5F585200F2AFCF /* AppDelegate.swift */; };
		4CDE741E2D5F585200F2AFCF /* SceneDelegate.swift in Sources */ = {isa = PBXBuildFile; fileRef = 4CDE74172D5F585200F2AFCF /* SceneDelegate.swift */; };
		4CDE74222D5F594000F2AFCF /* MainTabController.swift in Sources */ = {isa = PBXBuildFile; fileRef = 4CDE74212D5F593F00F2AFCF /* MainTabController.swift */; };
		4CDE74242D5F5A2400F2AFCF /* WorldClockViewController.swift in Sources */ = {isa = PBXBuildFile; fileRef = 4CDE74232D5F5A2400F2AFCF /* WorldClockViewController.swift */; };
		4CDE74262D5F5A7100F2AFCF /* AlarmViewController.swift in Sources */ = {isa = PBXBuildFile; fileRef = 4CDE74252D5F5A6B00F2AFCF /* AlarmViewController.swift */; };
		4CDE74282D5F5A8200F2AFCF /* StopWatchViewController.swift in Sources */ = {isa = PBXBuildFile; fileRef = 4CDE74272D5F5A7700F2AFCF /* StopWatchViewController.swift */; };
		4CDE742A2D5F5A9100F2AFCF /* TimerViewController.swift in Sources */ = {isa = PBXBuildFile; fileRef = 4CDE74292D5F5A8E00F2AFCF /* TimerViewController.swift */; };
		4CDE742D2D5F8E2900F2AFCF /* WorldClockTableViewCell.swift in Sources */ = {isa = PBXBuildFile; fileRef = 4CDE742C2D5F8E1E00F2AFCF /* WorldClockTableViewCell.swift */; };
		4CDE74312D5FA06E00F2AFCF /* Region.swift in Sources */ = {isa = PBXBuildFile; fileRef = 4CDE74302D5FA06B00F2AFCF /* Region.swift */; };
		4CDE74332D5FA0DD00F2AFCF /* WorldClockViewModel.swift in Sources */ = {isa = PBXBuildFile; fileRef = 4CDE74322D5FA0DC00F2AFCF /* WorldClockViewModel.swift */; };
		4CDE74362D5FA19C00F2AFCF /* RegionPickerViewController.swift in Sources */ = {isa = PBXBuildFile; fileRef = 4CDE74352D5FA19B00F2AFCF /* RegionPickerViewController.swift */; };
/* End PBXBuildFile section */

/* Begin PBXFileReference section */
		4C18F2C02D5F54C400FE47F5 /* Watch.app */ = {isa = PBXFileReference; explicitFileType = wrapper.application; includeInIndex = 0; path = Watch.app; sourceTree = BUILT_PRODUCTS_DIR; };
		4C3C9A832D6249E500B642F1 /* RegionTableViewCell.swift */ = {isa = PBXFileReference; lastKnownFileType = sourcecode.swift; path = RegionTableViewCell.swift; sourceTree = "<group>"; };
		4C61A7462D69F0B700BD1B70 /* UIView+Extensions.swift */ = {isa = PBXFileReference; lastKnownFileType = sourcecode.swift; path = "UIView+Extensions.swift"; sourceTree = "<group>"; };
		4C61A7482D69F0E800BD1B70 /* UIStackView+Extensions.swift */ = {isa = PBXFileReference; lastKnownFileType = sourcecode.swift; path = "UIStackView+Extensions.swift"; sourceTree = "<group>"; };
		4CDE74122D5F585200F2AFCF /* AppDelegate.swift */ = {isa = PBXFileReference; lastKnownFileType = sourcecode.swift; path = AppDelegate.swift; sourceTree = "<group>"; };
		4CDE74132D5F585200F2AFCF /* Assets.xcassets */ = {isa = PBXFileReference; lastKnownFileType = folder.assetcatalog; path = Assets.xcassets; sourceTree = "<group>"; };
		4CDE74142D5F585200F2AFCF /* Info.plist */ = {isa = PBXFileReference; lastKnownFileType = text.plist.xml; path = Info.plist; sourceTree = "<group>"; };
		4CDE74152D5F585200F2AFCF /* Base */ = {isa = PBXFileReference; lastKnownFileType = file.storyboard; name = Base; path = Base.lproj/LaunchScreen.storyboard; sourceTree = "<group>"; };
		4CDE74172D5F585200F2AFCF /* SceneDelegate.swift */ = {isa = PBXFileReference; lastKnownFileType = sourcecode.swift; path = SceneDelegate.swift; sourceTree = "<group>"; };
		4CDE74212D5F593F00F2AFCF /* MainTabController.swift */ = {isa = PBXFileReference; lastKnownFileType = sourcecode.swift; path = MainTabController.swift; sourceTree = "<group>"; };
		4CDE74232D5F5A2400F2AFCF /* WorldClockViewController.swift */ = {isa = PBXFileReference; lastKnownFileType = sourcecode.swift; path = WorldClockViewController.swift; sourceTree = "<group>"; };
		4CDE74252D5F5A6B00F2AFCF /* AlarmViewController.swift */ = {isa = PBXFileReference; lastKnownFileType = sourcecode.swift; path = AlarmViewController.swift; sourceTree = "<group>"; };
		4CDE74272D5F5A7700F2AFCF /* StopWatchViewController.swift */ = {isa = PBXFileReference; lastKnownFileType = sourcecode.swift; path = StopWatchViewController.swift; sourceTree = "<group>"; };
		4CDE74292D5F5A8E00F2AFCF /* TimerViewController.swift */ = {isa = PBXFileReference; lastKnownFileType = sourcecode.swift; path = TimerViewController.swift; sourceTree = "<group>"; };
		4CDE742C2D5F8E1E00F2AFCF /* WorldClockTableViewCell.swift */ = {isa = PBXFileReference; lastKnownFileType = sourcecode.swift; path = WorldClockTableViewCell.swift; sourceTree = "<group>"; };
		4CDE74302D5FA06B00F2AFCF /* Region.swift */ = {isa = PBXFileReference; lastKnownFileType = sourcecode.swift; path = Region.swift; sourceTree = "<group>"; };
		4CDE74322D5FA0DC00F2AFCF /* WorldClockViewModel.swift */ = {isa = PBXFileReference; lastKnownFileType = sourcecode.swift; path = WorldClockViewModel.swift; sourceTree = "<group>"; };
		4CDE74352D5FA19B00F2AFCF /* RegionPickerViewController.swift */ = {isa = PBXFileReference; lastKnownFileType = sourcecode.swift; path = RegionPickerViewController.swift; sourceTree = "<group>"; };
/* End PBXFileReference section */

/* Begin PBXFrameworksBuildPhase section */
		4C18F2BD2D5F54C400FE47F5 /* Frameworks */ = {
			isa = PBXFrameworksBuildPhase;
			buildActionMask = 2147483647;
			files = (
			);
			runOnlyForDeploymentPostprocessing = 0;
		};
/* End PBXFrameworksBuildPhase section */

/* Begin PBXGroup section */
		4C18F2B72D5F54C400FE47F5 = {
			isa = PBXGroup;
			children = (
				4CDE74192D5F585200F2AFCF /* Watch */,
				4C18F2C12D5F54C400FE47F5 /* Products */,
			);
			sourceTree = "<group>";
		};
		4C18F2C12D5F54C400FE47F5 /* Products */ = {
			isa = PBXGroup;
			children = (
				4C18F2C02D5F54C400FE47F5 /* Watch.app */,
			);
			name = Products;
			sourceTree = "<group>";
		};
		4C61A7422D69BF7A00BD1B70 /* Extensions */ = {
			isa = PBXGroup;
			children = (
				4C61A7482D69F0E800BD1B70 /* UIStackView+Extensions.swift */,
				4C61A7462D69F0B700BD1B70 /* UIView+Extensions.swift */,
			);
			path = Extensions;
			sourceTree = "<group>";
		};
		4CDE74192D5F585200F2AFCF /* Watch */ = {
			isa = PBXGroup;
			children = (
				4C61A7422D69BF7A00BD1B70 /* Extensions */,
				4CDE742E2D5F9B1900F2AFCF /* Model */,
				4CDE742B2D5F8E1800F2AFCF /* View */,
				4CDE74202D5F593000F2AFCF /* ViewModel */,
				4CDE742F2D5F9C5A00F2AFCF /* Controllers */,
				4CDE74122D5F585200F2AFCF /* AppDelegate.swift */,
				4CDE74172D5F585200F2AFCF /* SceneDelegate.swift */,
				4CDE74162D5F585200F2AFCF /* LaunchScreen.storyboard */,
				4CDE74132D5F585200F2AFCF /* Assets.xcassets */,
				4CDE74142D5F585200F2AFCF /* Info.plist */,
			);
			path = Watch;
			sourceTree = "<group>";
		};
		4CDE74202D5F593000F2AFCF /* ViewModel */ = {
			isa = PBXGroup;
			children = (
				4CDE74322D5FA0DC00F2AFCF /* WorldClockViewModel.swift */,
			);
			path = ViewModel;
			sourceTree = "<group>";
		};
		4CDE742B2D5F8E1800F2AFCF /* View */ = {
			isa = PBXGroup;
			children = (
				4CDE742C2D5F8E1E00F2AFCF /* WorldClockTableViewCell.swift */,
				4C3C9A832D6249E500B642F1 /* RegionTableViewCell.swift */,
			);
			path = View;
			sourceTree = "<group>";
		};
		4CDE742E2D5F9B1900F2AFCF /* Model */ = {
			isa = PBXGroup;
			children = (
				4CDE74302D5FA06B00F2AFCF /* Region.swift */,
			);
			path = Model;
			sourceTree = "<group>";
		};
		4CDE742F2D5F9C5A00F2AFCF /* Controllers */ = {
			isa = PBXGroup;
			children = (
				4CDE74212D5F593F00F2AFCF /* MainTabController.swift */,
				4CDE74342D5FA18300F2AFCF /* WorldClock */,
				4CDE74252D5F5A6B00F2AFCF /* AlarmViewController.swift */,
				4CDE74272D5F5A7700F2AFCF /* StopWatchViewController.swift */,
				4CDE74292D5F5A8E00F2AFCF /* TimerViewController.swift */,
			);
			path = Controllers;
			sourceTree = "<group>";
		};
		4CDE74342D5FA18300F2AFCF /* WorldClock */ = {
			isa = PBXGroup;
			children = (
				4CDE74232D5F5A2400F2AFCF /* WorldClockViewController.swift */,
				4CDE74352D5FA19B00F2AFCF /* RegionPickerViewController.swift */,
			);
			path = WorldClock;
			sourceTree = "<group>";
		};
/* End PBXGroup section */

/* Begin PBXNativeTarget section */
		4C18F2BF2D5F54C400FE47F5 /* Watch */ = {
			isa = PBXNativeTarget;
			buildConfigurationList = 4C18F2D32D5F54C600FE47F5 /* Build configuration list for PBXNativeTarget "Watch" */;
			buildPhases = (
				4C18F2BC2D5F54C400FE47F5 /* Sources */,
				4C18F2BD2D5F54C400FE47F5 /* Frameworks */,
				4C18F2BE2D5F54C400FE47F5 /* Resources */,
			);
			buildRules = (
			);
			dependencies = (
			);
			name = Watch;
			packageProductDependencies = (
			);
			productName = Watch;
			productReference = 4C18F2C02D5F54C400FE47F5 /* Watch.app */;
			productType = "com.apple.product-type.application";
		};
/* End PBXNativeTarget section */

/* Begin PBXProject section */
		4C18F2B82D5F54C400FE47F5 /* Project object */ = {
			isa = PBXProject;
			attributes = {
				BuildIndependentTargetsInParallel = 1;
				LastSwiftUpdateCheck = 1610;
				LastUpgradeCheck = 1610;
				TargetAttributes = {
					4C18F2BF2D5F54C400FE47F5 = {
						CreatedOnToolsVersion = 16.1;
					};
				};
			};
			buildConfigurationList = 4C18F2BB2D5F54C400FE47F5 /* Build configuration list for PBXProject "Watch" */;
			developmentRegion = en;
			hasScannedForEncodings = 0;
			knownRegions = (
				en,
				Base,
			);
			mainGroup = 4C18F2B72D5F54C400FE47F5;
			minimizedProjectReferenceProxies = 1;
			preferredProjectObjectVersion = 77;
			productRefGroup = 4C18F2C12D5F54C400FE47F5 /* Products */;
			projectDirPath = "";
			projectRoot = "";
			targets = (
				4C18F2BF2D5F54C400FE47F5 /* Watch */,
			);
		};
/* End PBXProject section */

/* Begin PBXResourcesBuildPhase section */
		4C18F2BE2D5F54C400FE47F5 /* Resources */ = {
			isa = PBXResourcesBuildPhase;
			buildActionMask = 2147483647;
			files = (
				4CDE741A2D5F585200F2AFCF /* Assets.xcassets in Resources */,
				4CDE741C2D5F585200F2AFCF /* LaunchScreen.storyboard in Resources */,
			);
			runOnlyForDeploymentPostprocessing = 0;
		};
/* End PBXResourcesBuildPhase section */

/* Begin PBXSourcesBuildPhase section */
		4C18F2BC2D5F54C400FE47F5 /* Sources */ = {
			isa = PBXSourcesBuildPhase;
			buildActionMask = 2147483647;
			files = (
				4CDE74312D5FA06E00F2AFCF /* Region.swift in Sources */,
				4CDE741D2D5F585200F2AFCF /* AppDelegate.swift in Sources */,
				4CDE74282D5F5A8200F2AFCF /* StopWatchViewController.swift in Sources */,
				4C3C9A842D6249E500B642F1 /* RegionTableViewCell.swift in Sources */,
				4CDE74242D5F5A2400F2AFCF /* WorldClockViewController.swift in Sources */,
				4C61A7472D69F0BA00BD1B70 /* UIView+Extensions.swift in Sources */,
				4CDE74262D5F5A7100F2AFCF /* AlarmViewController.swift in Sources */,
				4CDE742A2D5F5A9100F2AFCF /* TimerViewController.swift in Sources */,
				4CDE74332D5FA0DD00F2AFCF /* WorldClockViewModel.swift in Sources */,
				4CDE74362D5FA19C00F2AFCF /* RegionPickerViewController.swift in Sources */,
				4CDE741E2D5F585200F2AFCF /* SceneDelegate.swift in Sources */,
				4C61A7492D69F0EE00BD1B70 /* UIStackView+Extensions.swift in Sources */,
				4CDE74222D5F594000F2AFCF /* MainTabController.swift in Sources */,
				4CDE742D2D5F8E2900F2AFCF /* WorldClockTableViewCell.swift in Sources */,
			);
			runOnlyForDeploymentPostprocessing = 0;
		};
/* End PBXSourcesBuildPhase section */

/* Begin PBXVariantGroup section */
		4CDE74162D5F585200F2AFCF /* LaunchScreen.storyboard */ = {
			isa = PBXVariantGroup;
			children = (
				4CDE74152D5F585200F2AFCF /* Base */,
			);
			name = LaunchScreen.storyboard;
			sourceTree = "<group>";
		};
/* End PBXVariantGroup section */

/* Begin XCBuildConfiguration section */
		4C18F2D42D5F54C600FE47F5 /* Debug */ = {
			isa = XCBuildConfiguration;
			buildSettings = {
				ASSETCATALOG_COMPILER_APPICON_NAME = AppIcon;
				ASSETCATALOG_COMPILER_GLOBAL_ACCENT_COLOR_NAME = AccentColor;
				CODE_SIGN_STYLE = Automatic;
				CURRENT_PROJECT_VERSION = 1;
				DEVELOPMENT_TEAM = DGX4GSK6PA;
				GENERATE_INFOPLIST_FILE = YES;
				INFOPLIST_FILE = Watch/Info.plist;
				INFOPLIST_KEY_UIApplicationSupportsIndirectInputEvents = YES;
				INFOPLIST_KEY_UILaunchStoryboardName = LaunchScreen;
				INFOPLIST_KEY_UISupportedInterfaceOrientations = UIInterfaceOrientationPortrait;
				INFOPLIST_KEY_UISupportedInterfaceOrientations_iPad = "UIInterfaceOrientationLandscapeLeft UIInterfaceOrientationLandscapeRight UIInterfaceOrientationPortrait UIInterfaceOrientationPortraitUpsideDown";
				LD_RUNPATH_SEARCH_PATHS = (
					"$(inherited)",
					"@executable_path/Frameworks",
				);
				MARKETING_VERSION = 1.0;
				PRODUCT_BUNDLE_IDENTIFIER = com.grape.Watch;
				PRODUCT_NAME = "$(TARGET_NAME)";
				SUPPORTED_PLATFORMS = "iphoneos iphonesimulator";
				SUPPORTS_MACCATALYST = NO;
				SUPPORTS_MAC_DESIGNED_FOR_IPHONE_IPAD = NO;
				SUPPORTS_XR_DESIGNED_FOR_IPHONE_IPAD = NO;
				SWIFT_EMIT_LOC_STRINGS = YES;
				SWIFT_VERSION = 5.0;
				TARGETED_DEVICE_FAMILY = 1;
			};
			name = Debug;
		};
		4C18F2D52D5F54C600FE47F5 /* Release */ = {
			isa = XCBuildConfiguration;
			buildSettings = {
				ASSETCATALOG_COMPILER_APPICON_NAME = AppIcon;
				ASSETCATALOG_COMPILER_GLOBAL_ACCENT_COLOR_NAME = AccentColor;
				CODE_SIGN_STYLE = Automatic;
				CURRENT_PROJECT_VERSION = 1;
				DEVELOPMENT_TEAM = DGX4GSK6PA;
				GENERATE_INFOPLIST_FILE = YES;
				INFOPLIST_FILE = Watch/Info.plist;
				INFOPLIST_KEY_UIApplicationSupportsIndirectInputEvents = YES;
				INFOPLIST_KEY_UILaunchStoryboardName = LaunchScreen;
				INFOPLIST_KEY_UISupportedInterfaceOrientations = UIInterfaceOrientationPortrait;
				INFOPLIST_KEY_UISupportedInterfaceOrientations_iPad = "UIInterfaceOrientationLandscapeLeft UIInterfaceOrientationLandscapeRight UIInterfaceOrientationPortrait UIInterfaceOrientationPortraitUpsideDown";
				LD_RUNPATH_SEARCH_PATHS = (
					"$(inherited)",
					"@executable_path/Frameworks",
				);
				MARKETING_VERSION = 1.0;
				PRODUCT_BUNDLE_IDENTIFIER = com.grape.Watch;
				PRODUCT_NAME = "$(TARGET_NAME)";
				SUPPORTED_PLATFORMS = "iphoneos iphonesimulator";
				SUPPORTS_MACCATALYST = NO;
				SUPPORTS_MAC_DESIGNED_FOR_IPHONE_IPAD = NO;
				SUPPORTS_XR_DESIGNED_FOR_IPHONE_IPAD = NO;
				SWIFT_EMIT_LOC_STRINGS = YES;
				SWIFT_VERSION = 5.0;
				TARGETED_DEVICE_FAMILY = 1;
			};
			name = Release;
		};
		4C18F2D62D5F54C600FE47F5 /* Debug */ = {
			isa = XCBuildConfiguration;
			buildSettings = {
				ALWAYS_SEARCH_USER_PATHS = NO;
				ASSETCATALOG_COMPILER_GENERATE_SWIFT_ASSET_SYMBOL_EXTENSIONS = YES;
				CLANG_ANALYZER_NONNULL = YES;
				CLANG_ANALYZER_NUMBER_OBJECT_CONVERSION = YES_AGGRESSIVE;
				CLANG_CXX_LANGUAGE_STANDARD = "gnu++20";
				CLANG_ENABLE_MODULES = YES;
				CLANG_ENABLE_OBJC_ARC = YES;
				CLANG_ENABLE_OBJC_WEAK = YES;
				CLANG_WARN_BLOCK_CAPTURE_AUTORELEASING = YES;
				CLANG_WARN_BOOL_CONVERSION = YES;
				CLANG_WARN_COMMA = YES;
				CLANG_WARN_CONSTANT_CONVERSION = YES;
				CLANG_WARN_DEPRECATED_OBJC_IMPLEMENTATIONS = YES;
				CLANG_WARN_DIRECT_OBJC_ISA_USAGE = YES_ERROR;
				CLANG_WARN_DOCUMENTATION_COMMENTS = YES;
				CLANG_WARN_EMPTY_BODY = YES;
				CLANG_WARN_ENUM_CONVERSION = YES;
				CLANG_WARN_INFINITE_RECURSION = YES;
				CLANG_WARN_INT_CONVERSION = YES;
				CLANG_WARN_NON_LITERAL_NULL_CONVERSION = YES;
				CLANG_WARN_OBJC_IMPLICIT_RETAIN_SELF = YES;
				CLANG_WARN_OBJC_LITERAL_CONVERSION = YES;
				CLANG_WARN_OBJC_ROOT_CLASS = YES_ERROR;
				CLANG_WARN_QUOTED_INCLUDE_IN_FRAMEWORK_HEADER = YES;
				CLANG_WARN_RANGE_LOOP_ANALYSIS = YES;
				CLANG_WARN_STRICT_PROTOTYPES = YES;
				CLANG_WARN_SUSPICIOUS_MOVE = YES;
				CLANG_WARN_UNGUARDED_AVAILABILITY = YES_AGGRESSIVE;
				CLANG_WARN_UNREACHABLE_CODE = YES;
				CLANG_WARN__DUPLICATE_METHOD_MATCH = YES;
				COPY_PHASE_STRIP = NO;
				DEBUG_INFORMATION_FORMAT = dwarf;
				ENABLE_STRICT_OBJC_MSGSEND = YES;
				ENABLE_TESTABILITY = YES;
				ENABLE_USER_SCRIPT_SANDBOXING = YES;
				GCC_C_LANGUAGE_STANDARD = gnu17;
				GCC_DYNAMIC_NO_PIC = NO;
				GCC_NO_COMMON_BLOCKS = YES;
				GCC_OPTIMIZATION_LEVEL = 0;
				GCC_PREPROCESSOR_DEFINITIONS = (
					"DEBUG=1",
					"$(inherited)",
				);
				GCC_WARN_64_TO_32_BIT_CONVERSION = YES;
				GCC_WARN_ABOUT_RETURN_TYPE = YES_ERROR;
				GCC_WARN_UNDECLARED_SELECTOR = YES;
				GCC_WARN_UNINITIALIZED_AUTOS = YES_AGGRESSIVE;
				GCC_WARN_UNUSED_FUNCTION = YES;
				GCC_WARN_UNUSED_VARIABLE = YES;
				IPHONEOS_DEPLOYMENT_TARGET = 18.1;
				LOCALIZATION_PREFERS_STRING_CATALOGS = YES;
				MTL_ENABLE_DEBUG_INFO = INCLUDE_SOURCE;
				MTL_FAST_MATH = YES;
				ONLY_ACTIVE_ARCH = YES;
				SDKROOT = iphoneos;
				SWIFT_ACTIVE_COMPILATION_CONDITIONS = "DEBUG $(inherited)";
				SWIFT_OPTIMIZATION_LEVEL = "-Onone";
			};
			name = Debug;
		};
		4C18F2D72D5F54C600FE47F5 /* Release */ = {
			isa = XCBuildConfiguration;
			buildSettings = {
				ALWAYS_SEARCH_USER_PATHS = NO;
				ASSETCATALOG_COMPILER_GENERATE_SWIFT_ASSET_SYMBOL_EXTENSIONS = YES;
				CLANG_ANALYZER_NONNULL = YES;
				CLANG_ANALYZER_NUMBER_OBJECT_CONVERSION = YES_AGGRESSIVE;
				CLANG_CXX_LANGUAGE_STANDARD = "gnu++20";
				CLANG_ENABLE_MODULES = YES;
				CLANG_ENABLE_OBJC_ARC = YES;
				CLANG_ENABLE_OBJC_WEAK = YES;
				CLANG_WARN_BLOCK_CAPTURE_AUTORELEASING = YES;
				CLANG_WARN_BOOL_CONVERSION = YES;
				CLANG_WARN_COMMA = YES;
				CLANG_WARN_CONSTANT_CONVERSION = YES;
				CLANG_WARN_DEPRECATED_OBJC_IMPLEMENTATIONS = YES;
				CLANG_WARN_DIRECT_OBJC_ISA_USAGE = YES_ERROR;
				CLANG_WARN_DOCUMENTATION_COMMENTS = YES;
				CLANG_WARN_EMPTY_BODY = YES;
				CLANG_WARN_ENUM_CONVERSION = YES;
				CLANG_WARN_INFINITE_RECURSION = YES;
				CLANG_WARN_INT_CONVERSION = YES;
				CLANG_WARN_NON_LITERAL_NULL_CONVERSION = YES;
				CLANG_WARN_OBJC_IMPLICIT_RETAIN_SELF = YES;
				CLANG_WARN_OBJC_LITERAL_CONVERSION = YES;
				CLANG_WARN_OBJC_ROOT_CLASS = YES_ERROR;
				CLANG_WARN_QUOTED_INCLUDE_IN_FRAMEWORK_HEADER = YES;
				CLANG_WARN_RANGE_LOOP_ANALYSIS = YES;
				CLANG_WARN_STRICT_PROTOTYPES = YES;
				CLANG_WARN_SUSPICIOUS_MOVE = YES;
				CLANG_WARN_UNGUARDED_AVAILABILITY = YES_AGGRESSIVE;
				CLANG_WARN_UNREACHABLE_CODE = YES;
				CLANG_WARN__DUPLICATE_METHOD_MATCH = YES;
				COPY_PHASE_STRIP = NO;
				DEBUG_INFORMATION_FORMAT = "dwarf-with-dsym";
				ENABLE_NS_ASSERTIONS = NO;
				ENABLE_STRICT_OBJC_MSGSEND = YES;
				ENABLE_USER_SCRIPT_SANDBOXING = YES;
				GCC_C_LANGUAGE_STANDARD = gnu17;
				GCC_NO_COMMON_BLOCKS = YES;
				GCC_WARN_64_TO_32_BIT_CONVERSION = YES;
				GCC_WARN_ABOUT_RETURN_TYPE = YES_ERROR;
				GCC_WARN_UNDECLARED_SELECTOR = YES;
				GCC_WARN_UNINITIALIZED_AUTOS = YES_AGGRESSIVE;
				GCC_WARN_UNUSED_FUNCTION = YES;
				GCC_WARN_UNUSED_VARIABLE = YES;
				IPHONEOS_DEPLOYMENT_TARGET = 18.1;
				LOCALIZATION_PREFERS_STRING_CATALOGS = YES;
				MTL_ENABLE_DEBUG_INFO = NO;
				MTL_FAST_MATH = YES;
				SDKROOT = iphoneos;
				SWIFT_COMPILATION_MODE = wholemodule;
				VALIDATE_PRODUCT = YES;
			};
			name = Release;
		};
/* End XCBuildConfiguration section */

/* Begin XCConfigurationList section */
		4C18F2BB2D5F54C400FE47F5 /* Build configuration list for PBXProject "Watch" */ = {
			isa = XCConfigurationList;
			buildConfigurations = (
				4C18F2D62D5F54C600FE47F5 /* Debug */,
				4C18F2D72D5F54C600FE47F5 /* Release */,
			);
			defaultConfigurationIsVisible = 0;
			defaultConfigurationName = Release;
		};
		4C18F2D32D5F54C600FE47F5 /* Build configuration list for PBXNativeTarget "Watch" */ = {
			isa = XCConfigurationList;
			buildConfigurations = (
				4C18F2D42D5F54C600FE47F5 /* Debug */,
				4C18F2D52D5F54C600FE47F5 /* Release */,
			);
			defaultConfigurationIsVisible = 0;
			defaultConfigurationName = Release;
		};
/* End XCConfigurationList section */
	};
	rootObject = 4C18F2B82D5F54C400FE47F5 /* Project object */;
}
